<?xml version="1.0" encoding="utf-8"?>
<Project ToolsVersion="4.0" xmlns="http://schemas.microsoft.com/developer/msbuild/2003">
  <ItemGroup>
    <FxCompile Include="BasicPS.hlsl" />
    <FxCompile Include="BasicVS.hlsl" />
    <FxCompile Include="OBJPixelShader.hlsl" />
    <FxCompile Include="OBJVertexShader.hlsl" />
    <FxCompile Include="SpriteVS.hlsl" />
    <FxCompile Include="SpritePS.hlsl" />
    <FxCompile Include="Particle\ParticleVS.hlsl">
      <Filter>Particle</Filter>
    </FxCompile>
    <FxCompile Include="Particle\ParticleGS.hlsl">
      <Filter>Particle</Filter>
    </FxCompile>
    <FxCompile Include="Particle\ParticlePS.hlsl">
      <Filter>Particle</Filter>
    </FxCompile>
  </ItemGroup>
  <ItemGroup>
    <ClCompile Include="..\DirectX\AudioManager\AudioManager.cpp" />
    <ClCompile Include="..\DirectX\DirectXCommon\DirectXCommon.cpp" />
    <ClCompile Include="..\DirectX\Input\ControllerInput.cpp" />
    <ClCompile Include="..\DirectX\Input\KeyboardInput.cpp" />
    <ClCompile Include="..\DirectX\ModelManager\ModelManager.cpp" />
    <ClCompile Include="..\DirectX\Model\Model.cpp" />
    <ClCompile Include="..\DirectX\Object3d\Object3d.cpp" />
    <ClCompile Include="..\DirectX\Sprite\Sprite.cpp" />
    <ClCompile Include="..\DirectX\WinApp\WinApp.cpp" />
    <ClCompile Include="..\Easing\Easing.cpp" />
    <ClCompile Include="..\Scene\GameScene.cpp" />
    <ClCompile Include="..\Scene\TitleScene.cpp" />
    <ClCompile Include="..\System\AbstractScene\AbstractScene.cpp" />
    <ClCompile Include="..\System\Looper\Looper.cpp" />
    <ClCompile Include="..\System\SystemMain\SystemMain.cpp" />
    <ClCompile Include="Collision.cpp" />
    <ClCompile Include="EnemyBomb.cpp" />
    <ClCompile Include="GameObjCommon.cpp" />
    <ClCompile Include="ImageManager.cpp" />
    <ClCompile Include="Input.cpp" />
    <ClCompile Include="LoadStage.cpp" />
    <ClCompile Include="main.cpp" />
    <ClCompile Include="Player.cpp" />
    <ClCompile Include="Reticle.cpp" />
    <ClCompile Include="Stage.cpp" />
    <ClCompile Include="UI.cpp" />
    <ClCompile Include="BaseEnemy.cpp">
      <Filter>Enemy\BaseEnemy</Filter>
    </ClCompile>
    <ClCompile Include="Boss.cpp">
      <Filter>Enemy\Boss</Filter>
    </ClCompile>
    <ClCompile Include="RushEnemy.cpp">
      <Filter>Enemy\RushEnemy</Filter>
    </ClCompile>
    <ClCompile Include="TestEnemy.cpp">
      <Filter>Enemy\TestEmemy</Filter>
    </ClCompile>
    <ClCompile Include="TestScene.cpp">
      <Filter>TestScene</Filter>
    </ClCompile>
    <ClCompile Include="LaserParticle.cpp">
      <Filter>Particle\LaserParticle</Filter>
    </ClCompile>
    <ClCompile Include="TestParticle.cpp">
      <Filter>Particle\TestParticle</Filter>
    </ClCompile>
    <ClCompile Include="BaseParticle.cpp">
      <Filter>Particle\BaseParticle</Filter>
    </ClCompile>
    <ClCompile Include="DeathParticle.cpp">
      <Filter>Particle\DeathParticle</Filter>
    </ClCompile>
    <ClCompile Include="VacuumParticle.cpp">
      <Filter>Particle\VacuumParticle</Filter>
    </ClCompile>
    <ClCompile Include="Particle\ParticleManager.cpp">
      <Filter>Particle</Filter>
    </ClCompile>
  </ItemGroup>
  <ItemGroup>
    <ClInclude Include="..\DirectX\AudioManager\AudioManager.h" />
    <ClInclude Include="..\DirectX\DirectXCommon\DirectXCommon.h" />
    <ClInclude Include="..\DirectX\Input\ControllerInput.h" />
    <ClInclude Include="..\DirectX\Input\KeyboardInput.h" />
    <ClInclude Include="..\DirectX\ModelManager\ModelManager.h" />
    <ClInclude Include="..\DirectX\Model\Model.h" />
    <ClInclude Include="..\DirectX\Object3d\Object3d.h" />
    <ClInclude Include="..\DirectX\Sprite\Sprite.h" />
    <ClInclude Include="..\DirectX\WinApp\WinApp.h" />
    <ClInclude Include="..\Easing\Easing.h" />
    <ClInclude Include="..\Scene\GameScene.h" />
    <ClInclude Include="..\Scene\TitleScene.h" />
    <ClInclude Include="..\System\AbstractScene\AbstractScene.h" />
    <ClInclude Include="..\System\IoChangedListener\IoChangedListener.h" />
    <ClInclude Include="..\System\IoChangedListener\Scene.h" />
    <ClInclude Include="..\System\Looper\Looper.h" />
    <ClInclude Include="..\System\SystemMain\SystemMain.h" />
    <ClInclude Include="Collision.h" />
    <ClInclude Include="EnemyBomb.h" />
    <ClInclude Include="GameObjCommon.h" />
    <ClInclude Include="ImageManager.h" />
    <ClInclude Include="Input.h" />
    <ClInclude Include="LoadStage.h" />
    <ClInclude Include="Player.h" />
    <ClInclude Include="Reticle.h" />
    <ClInclude Include="Stage.h" />
    <ClInclude Include="UI.h" />
    <ClInclude Include="Vector3.h" />
    <ClInclude Include="yMath.h" />
    <ClInclude Include="BaseEnemy.h">
      <Filter>Enemy\BaseEnemy</Filter>
    </ClInclude>
    <ClInclude Include="Boss.h">
      <Filter>Enemy\Boss</Filter>
    </ClInclude>
    <ClInclude Include="RushEnemy.h">
      <Filter>Enemy\RushEnemy</Filter>
    </ClInclude>
    <ClInclude Include="TestEnemy.h">
      <Filter>Enemy\TestEmemy</Filter>
    </ClInclude>
    <ClInclude Include="TestScene.h">
      <Filter>TestScene</Filter>
    </ClInclude>
    <ClInclude Include="LaserParticle.h">
      <Filter>Particle\LaserParticle</Filter>
    </ClInclude>
    <ClInclude Include="TestParticle.h">
      <Filter>Particle\TestParticle</Filter>
    </ClInclude>
    <ClInclude Include="BaseParticle.h">
      <Filter>Particle\BaseParticle</Filter>
    </ClInclude>
    <ClInclude Include="DeathParticle.h">
      <Filter>Particle\DeathParticle</Filter>
    </ClInclude>
    <ClInclude Include="VacuumParticle.h">
      <Filter>Particle\VacuumParticle</Filter>
    </ClInclude>
    <ClInclude Include="Particle\ParticleManager.h">
      <Filter>Particle</Filter>
    </ClInclude>
  </ItemGroup>
  <ItemGroup>
    <None Include="Basic.hlsli" />
    <None Include="OBJShaderHeader.hlsli" />
    <None Include="Sprite.hlsli" />
    <None Include="Particle\ParticleHeader.hlsli">
      <Filter>Particle</Filter>
    </None>
  </ItemGroup>
  <ItemGroup>
    <Filter Include="Enemy">
      <UniqueIdentifier>{f92b973b-db2b-4ad4-9a53-d7fa1c716de0}</UniqueIdentifier>
    </Filter>
    <Filter Include="Enemy\Boss">
      <UniqueIdentifier>{9fa192ed-f43f-4564-99f0-1891b33a9a79}</UniqueIdentifier>
    </Filter>
    <Filter Include="Enemy\BaseEnemy">
      <UniqueIdentifier>{e039aba6-3aaa-443a-bae5-66a6a125e6e1}</UniqueIdentifier>
    </Filter>
    <Filter Include="Enemy\TestEmemy">
      <UniqueIdentifier>{e392116e-d7a1-4bdb-a8c4-9d762070c173}</UniqueIdentifier>
    </Filter>
    <Filter Include="Enemy\RushEnemy">
      <UniqueIdentifier>{0a958799-3470-4052-9bb0-7206c9c9388a}</UniqueIdentifier>
    </Filter>
    <Filter Include="TestScene">
      <UniqueIdentifier>{e6975c2a-d251-4e17-b741-8c24c2e7bcbd}</UniqueIdentifier>
    </Filter>
    <Filter Include="Particle">
      <UniqueIdentifier>{e5302edf-6c56-4b67-8909-94efe1c0768d}</UniqueIdentifier>
    </Filter>
    <Filter Include="Particle\LaserParticle">
      <UniqueIdentifier>{e498c5ad-a17c-4648-9a62-aac9ccbcd14c}</UniqueIdentifier>
    </Filter>
    <Filter Include="Particle\TestParticle">
      <UniqueIdentifier>{f2187e4b-7936-4c4c-8520-ae2cb5bd2abb}</UniqueIdentifier>
    </Filter>
    <Filter Include="Particle\BaseParticle">
      <UniqueIdentifier>{0a80e052-6f9f-4fde-8171-9ded84a44182}</UniqueIdentifier>
    </Filter>
    <Filter Include="Particle\DeathParticle">
      <UniqueIdentifier>{3647c126-11b8-484b-8640-dfeebac9e0a2}</UniqueIdentifier>
    </Filter>
    <Filter Include="Particle\VacuumParticle">
      <UniqueIdentifier>{898f26c5-4f20-4de4-b25e-9d7e44d4116b}</UniqueIdentifier>
    </Filter>
  </ItemGroup>
</Project>